
Microsoft Visual Studio Solution File, Format Version 12.00
# Visual Studio Version 16
VisualStudioVersion = 16.0.810.25
MinimumVisualStudioVersion = 10.0.40219.1
Project("{FAE04EC0-301F-11D3-BF4B-00C04F79EFBC}") = "GetLessonNames", "GetLessonNames\GetLessonNames.csproj", "{45CEB6F8-ED84-4827-A8BA-3883204179DD}"
EndProject
Global
	GlobalSection(SolutionConfigurationPlatforms) = preSolution
		Debug|anycpu = Debug|anycpu
		Release|anycpu = Release|anycpu
	EndGlobalSection
	GlobalSection(ProjectConfigurationPlatforms) = postSolution
		{45CEB6F8-ED84-4827-A8BA-3883204179DD}.Debug|anycpu.ActiveCfg = Debug|anycpu
		{45CEB6F8-ED84-4827-A8BA-3883204179DD}.Debug|anycpu.Build.0 = Debug|anycpu
		{45CEB6F8-ED84-4827-A8BA-3883204179DD}.Release|anycpu.ActiveCfg = Release|anycpu
		{45CEB6F8-ED84-4827-A8BA-3883204179DD}.Release|anycpu.Build.0 = Release|anycpu
	EndGlobalSection
	GlobalSection(SolutionProperties) = preSolution
		HideSolutionNode = FALSE
	EndGlobalSection
	GlobalSection(ExtensibilityGlobals) = postSolution
		SolutionGuid = {5F1185E8-3006-4ED6-B0CE-A229B921768C}
	EndGlobalSection
EndGlobal
